
Microsoft Visual Studio Solution File, Format Version 12.00
# Visual Studio Version 17
VisualStudioVersion = 17.11.35208.52
MinimumVisualStudioVersion = 10.0.40219.1
Project("{FAE04EC0-301F-11D3-BF4B-00C04F79EFBC}") = "TicTacToeApp", "TicTacToeApp.csproj", "{60593CB2-DEEF-4828-9B53-020A6DB57F8D}"
EndProject
Global
	GlobalSection(SolutionConfigurationPlatforms) = preSolution
		Debug|Any CPU = Debug|Any CPU
		Release|Any CPU = Release|Any CPU
	EndGlobalSection
	GlobalSection(ProjectConfigurationPlatforms) = postSolution
		{60593CB2-DEEF-4828-9B53-020A6DB57F8D}.Debug|Any CPU.ActiveCfg = Debug|Any CPU
		{60593CB2-DEEF-4828-9B53-020A6DB57F8D}.Debug|Any CPU.Build.0 = Debug|Any CPU
		{60593CB2-DEEF-4828-9B53-020A6DB57F8D}.Release|Any CPU.ActiveCfg = Release|Any CPU
		{60593CB2-DEEF-4828-9B53-020A6DB57F8D}.Release|Any CPU.Build.0 = Release|Any CPU
	EndGlobalSection
	GlobalSection(SolutionProperties) = preSolution
		HideSolutionNode = FALSE
	EndGlobalSection
	GlobalSection(ExtensibilityGlobals) = postSolution
		SolutionGuid = {2B193C22-4EF2-446A-B627-232CC9A0FFDF}
	EndGlobalSection
EndGlobal
